PODS:
  - MPMBaseSDK (0.0.2)

DEPENDENCIES:
  - MPMBaseSDK (from `https://github.com/DoneLiu/MPMBaseSDK.git`)

EXTERNAL SOURCES:
  MPMBaseSDK:
    :git: https://github.com/DoneLiu/MPMBaseSDK.git

CHECKOUT OPTIONS:
  MPMBaseSDK:
    :commit: f438db21af3a1414aafe36af32ee57bc35c8564f
    :git: https://github.com/DoneLiu/MPMBaseSDK.git

SPEC CHECKSUMS:
  MPMBaseSDK: e1077b5e39a0d712efc8879887e908c69baf3c2b

PODFILE CHECKSUM: 411c358bb879fd7eb97a9d71a46482bf2b7847ce

COCOAPODS: 1.7.1
