PODS:
  - MPMBaseSDK (0.0.2):
    - MPMBaseSDK/NSData (= 0.0.2)
    - MPMBaseSDK/NSString (= 0.0.2)
  - MPMBaseSDK/NSData (0.0.2)
  - MPMBaseSDK/NSString (0.0.2)

DEPENDENCIES:
  - MPMBaseSDK (from `https://github.com/DoneLiu/MPMBaseSDK.git`)

EXTERNAL SOURCES:
  MPMBaseSDK:
    :git: https://github.com/DoneLiu/MPMBaseSDK.git

CHECKOUT OPTIONS:
  MPMBaseSDK:
    :commit: 6345fa166d7698fa7482176c13f3e876c7aa8b07
    :git: https://github.com/DoneLiu/MPMBaseSDK.git

SPEC CHECKSUMS:
  MPMBaseSDK: e47687d09b6d92215d4bb1372c99a64a541b4593

PODFILE CHECKSUM: 411c358bb879fd7eb97a9d71a46482bf2b7847ce

COCOAPODS: 1.7.1
